
Microsoft Visual Studio Solution File, Format Version 12.00
# Visual Studio Version 17
VisualStudioVersion = 17.10.35122.118
MinimumVisualStudioVersion = 10.0.40219.1
Project("{888888A0-9F3D-457C-B088-3A5042F75D52}") = "ListadoPasajaros", "ListadoPasajaros.pyproj", "{BBA57E09-561C-40FD-A81F-8343CD1711BE}"
EndProject
Global
	GlobalSection(SolutionConfigurationPlatforms) = preSolution
		Debug|Any CPU = Debug|Any CPU
		Release|Any CPU = Release|Any CPU
	EndGlobalSection
	GlobalSection(ProjectConfigurationPlatforms) = postSolution
		{BBA57E09-561C-40FD-A81F-8343CD1711BE}.Debug|Any CPU.ActiveCfg = Debug|Any CPU
		{BBA57E09-561C-40FD-A81F-8343CD1711BE}.Release|Any CPU.ActiveCfg = Release|Any CPU
	EndGlobalSection
	GlobalSection(SolutionProperties) = preSolution
		HideSolutionNode = FALSE
	EndGlobalSection
	GlobalSection(ExtensibilityGlobals) = postSolution
		SolutionGuid = {573875C1-7A60-41DE-A139-310DA4D3158E}
	EndGlobalSection
EndGlobal
